
Microsoft Visual Studio Solution File, Format Version 12.00
# Visual Studio 2013
VisualStudioVersion = 12.0.31101.0
MinimumVisualStudioVersion = 10.0.40219.1
Project("{FAE04EC0-301F-11D3-BF4B-00C04F79EFBC}") = "ForumsFinalMVC.3325", "ForumsFinalMVC.3325\ForumsFinalMVC.3325.csproj", "{E5FA60F5-F113-424E-AE66-97017840C9C5}"
EndProject
Project("{FAE04EC0-301F-11D3-BF4B-00C04F79EFBC}") = "ForumsFinalApi.3325", "ForumsFinalApi.3325\ForumsFinalApi.3325.csproj", "{BB4CDA15-7F1E-493B-8983-487B08B17F28}"
EndProject
Global
	GlobalSection(SolutionConfigurationPlatforms) = preSolution
		Debug|Any CPU = Debug|Any CPU
		Release|Any CPU = Release|Any CPU
	EndGlobalSection
	GlobalSection(ProjectConfigurationPlatforms) = postSolution
		{E5FA60F5-F113-424E-AE66-97017840C9C5}.Debug|Any CPU.ActiveCfg = Debug|Any CPU
		{E5FA60F5-F113-424E-AE66-97017840C9C5}.Debug|Any CPU.Build.0 = Debug|Any CPU
		{E5FA60F5-F113-424E-AE66-97017840C9C5}.Release|Any CPU.ActiveCfg = Release|Any CPU
		{E5FA60F5-F113-424E-AE66-97017840C9C5}.Release|Any CPU.Build.0 = Release|Any CPU
		{BB4CDA15-7F1E-493B-8983-487B08B17F28}.Debug|Any CPU.ActiveCfg = Debug|Any CPU
		{BB4CDA15-7F1E-493B-8983-487B08B17F28}.Debug|Any CPU.Build.0 = Debug|Any CPU
		{BB4CDA15-7F1E-493B-8983-487B08B17F28}.Release|Any CPU.ActiveCfg = Release|Any CPU
		{BB4CDA15-7F1E-493B-8983-487B08B17F28}.Release|Any CPU.Build.0 = Release|Any CPU
	EndGlobalSection
	GlobalSection(SolutionProperties) = preSolution
		HideSolutionNode = FALSE
	EndGlobalSection
EndGlobal
